{
  "nodes": {
    "home-manager": {
      "inputs": {
        "nixpkgs": [
          "nixpkgs"
        ]
      },
      "locked": {
        "lastModified": 1687871164,
        "narHash": "sha256-bBFlPthuYX322xOlpJvkjUBz0C+MOBjZdDOOJJ+G2jU=",
        "owner": "nix-community",
        "repo": "home-manager",
        "rev": "07c347bb50994691d7b0095f45ebd8838cf6bc38",
        "type": "github"
      },
      "original": {
        "owner": "nix-community",
        "ref": "release-23.05",
        "repo": "home-manager",
        "type": "github"
      }
    },
    "nixpkgs": {
      "locked": {
        "lastModified": 1691252436,
        "narHash": "sha256-SKKPKYOnFcwqECehxoFBMLv29CZXC5qCDuETSuXd82g=",
        "ref": "nixos-23.05",
        "rev": "9607b9149c9d81fdf3dc4f3bcc278da146ffbd77",
        "revCount": 489925,
        "type": "git",
        "url": "file:.nixpkgs"
      },
      "original": {
        "ref": "nixos-23.05",
        "type": "git",
        "url": "file:.nixpkgs"
      }
    },
    "root": {
      "inputs": {
        "home-manager": "home-manager",
        "nixpkgs": "nixpkgs",
        "unstable": "unstable"
      }
    },
    "unstable": {
      "locked": {
        "lastModified": 1691276849,
        "narHash": "sha256-RNnrzxhW38SOFIF6TY/WaX7VB3PCkYFEeRE5YZU+wHw=",
        "ref": "nixos-unstable",
        "rev": "5faab29808a2d72f4ee0c44c8e850e4e6ada972f",
        "revCount": 510899,
        "type": "git",
        "url": "file:.nixpkgs"
      },
      "original": {
        "ref": "nixos-unstable",
        "type": "git",
        "url": "file:.nixpkgs"
      }
    }
  },
  "root": "root",
  "version": 7
}
